
Microsoft Visual Studio Solution File, Format Version 12.00
# Visual Studio Version 17
VisualStudioVersion = 17.4.33110.190
MinimumVisualStudioVersion = 10.0.40219.1
Project("{888888A0-9F3D-457C-B088-3A5042F75D52}") = "Scrap", "Scrap\Scrap.pyproj", "{1005C4F0-5672-4635-A71D-BEEF871E4EAC}"
EndProject
Global
	GlobalSection(SolutionConfigurationPlatforms) = preSolution
		Debug|Any CPU = Debug|Any CPU
		Release|Any CPU = Release|Any CPU
	EndGlobalSection
	GlobalSection(ProjectConfigurationPlatforms) = postSolution
		{1005C4F0-5672-4635-A71D-BEEF871E4EAC}.Debug|Any CPU.ActiveCfg = Debug|Any CPU
		{1005C4F0-5672-4635-A71D-BEEF871E4EAC}.Release|Any CPU.ActiveCfg = Release|Any CPU
	EndGlobalSection
	GlobalSection(SolutionProperties) = preSolution
		HideSolutionNode = FALSE
	EndGlobalSection
	GlobalSection(ExtensibilityGlobals) = postSolution
		SolutionGuid = {3A866283-D92D-462B-BC2B-A931D6208B82}
	EndGlobalSection
EndGlobal
